
Microsoft Visual Studio Solution File, Format Version 11.00
# Visual Studio 2010
Project("{FAE04EC0-301F-11D3-BF4B-00C04F79EFBC}") = "Assembly-CSharp", "Assembly-CSharp.csproj", "{2c79c301-e08c-26c3-ad5c-68f0b9fd5ce5}"
EndProject
Project("{FAE04EC0-301F-11D3-BF4B-00C04F79EFBC}") = "NavMeshComponents", "NavMeshComponents.csproj", "{8c555247-bedc-1e05-97e0-ea59a98b232c}"
EndProject
Project("{FAE04EC0-301F-11D3-BF4B-00C04F79EFBC}") = "NavMeshComponentsEditor", "NavMeshComponentsEditor.csproj", "{4113b366-bdcd-955d-e1e2-a1a62435a619}"
EndProject
Project("{FAE04EC0-301F-11D3-BF4B-00C04F79EFBC}") = "Assembly-CSharp-Editor", "Assembly-CSharp-Editor.csproj", "{0c198e74-a50d-8fcc-aa06-383c79118fad}"
EndProject
Global
	GlobalSection(SolutionConfigurationPlatforms) = preSolution
		Debug|Any CPU = Debug|Any CPU
	EndGlobalSection
	GlobalSection(ProjectConfigurationPlatforms) = postSolution
		{2c79c301-e08c-26c3-ad5c-68f0b9fd5ce5}.Debug|Any CPU.ActiveCfg = Debug|Any CPU
		{2c79c301-e08c-26c3-ad5c-68f0b9fd5ce5}.Debug|Any CPU.Build.0 = Debug|Any CPU
		{8c555247-bedc-1e05-97e0-ea59a98b232c}.Debug|Any CPU.ActiveCfg = Debug|Any CPU
		{8c555247-bedc-1e05-97e0-ea59a98b232c}.Debug|Any CPU.Build.0 = Debug|Any CPU
		{4113b366-bdcd-955d-e1e2-a1a62435a619}.Debug|Any CPU.ActiveCfg = Debug|Any CPU
		{4113b366-bdcd-955d-e1e2-a1a62435a619}.Debug|Any CPU.Build.0 = Debug|Any CPU
		{0c198e74-a50d-8fcc-aa06-383c79118fad}.Debug|Any CPU.ActiveCfg = Debug|Any CPU
		{0c198e74-a50d-8fcc-aa06-383c79118fad}.Debug|Any CPU.Build.0 = Debug|Any CPU
	EndGlobalSection
	GlobalSection(SolutionProperties) = preSolution
		HideSolutionNode = FALSE
	EndGlobalSection
EndGlobal
